
Microsoft Visual Studio Solution File, Format Version 12.00
# Visual Studio Version 17
VisualStudioVersion = 17.0.31903.59
MinimumVisualStudioVersion = 10.0.40219.1
Project("{2150E333-8FDC-42A3-9474-1A3956D46DE8}") = "src", "src", "{AD650E5B-BCD6-4616-8E6B-79D7DE8CEBBA}"
EndProject
Project("{9A19103F-16F7-4668-BE54-9A1E7A4F7556}") = "ArchDdd.Adapters.Infrastructure", "src\ArchDdd.Adapters.Infrastructure\ArchDdd.Adapters.Infrastructure.csproj", "{9931F102-5478-481D-813D-C9429CBAFDB4}"
EndProject
Project("{9A19103F-16F7-4668-BE54-9A1E7A4F7556}") = "ArchDdd.Adapters.Persistence", "src\ArchDdd.Adapters.Persistence\ArchDdd.Adapters.Persistence.csproj", "{DF1EB0DB-E721-4B82-ADC5-92ADB3B580B3}"
EndProject
Project("{9A19103F-16F7-4668-BE54-9A1E7A4F7556}") = "ArchDdd.Adapters.Presentation", "src\ArchDdd.Adapters.Presentation\ArchDdd.Adapters.Presentation.csproj", "{C726D41D-CC27-439B-8FF0-292037EA54D1}"
EndProject
Project("{9A19103F-16F7-4668-BE54-9A1E7A4F7556}") = "ArchDdd.Application", "src\ArchDdd.Application\ArchDdd.Application.csproj", "{803274EF-DCED-4578-9A5A-8F114BA3811C}"
EndProject
Project("{9A19103F-16F7-4668-BE54-9A1E7A4F7556}") = "ArchDdd.Domain", "src\ArchDdd.Domain\ArchDdd.Domain.csproj", "{952C6053-7793-4990-B5F5-CE637B576B6B}"
EndProject
Project("{2150E333-8FDC-42A3-9474-1A3956D46DE8}") = "tests", "tests", "{1DFE66C6-3A79-4119-8566-E9A02E0605A0}"
EndProject
Project("{9A19103F-16F7-4668-BE54-9A1E7A4F7556}") = "ArchDdd.Tests.Integration", "tests\ArchDdd.Tests.Integration\ArchDdd.Tests.Integration.csproj", "{B9E9B72C-2575-4FB0-8DD1-F5677AEB529A}"
EndProject
Project("{9A19103F-16F7-4668-BE54-9A1E7A4F7556}") = "ArchDdd.Tests.Unit", "tests\ArchDdd.Tests.Unit\ArchDdd.Tests.Unit.csproj", "{34FD5A03-C989-44CE-A582-D241C99CA127}"
EndProject
Project("{2150E333-8FDC-42A3-9474-1A3956D46DE8}") = "utilities", "utilities", "{D60FC3B0-D7F7-46F0-BF7B-B786BC535FD7}"
EndProject
Project("{9A19103F-16F7-4668-BE54-9A1E7A4F7556}") = "PrimitiveUtilities", "utilities\PrimitiveUtilities\PrimitiveUtilities.csproj", "{4797BCF5-595A-46C6-9599-9C5F2F270B4C}"
EndProject
Project("{FAE04EC0-301F-11D3-BF4B-00C04F79EFBC}") = "ArchDdd", "src\ArchDdd\ArchDdd.csproj", "{F282C0E3-9F8B-4357-BDB6-82E1B3568E15}"
EndProject
Global
	GlobalSection(SolutionConfigurationPlatforms) = preSolution
		Debug|Any CPU = Debug|Any CPU
		Release|Any CPU = Release|Any CPU
	EndGlobalSection
	GlobalSection(ProjectConfigurationPlatforms) = postSolution
		{9931F102-5478-481D-813D-C9429CBAFDB4}.Debug|Any CPU.ActiveCfg = Debug|Any CPU
		{9931F102-5478-481D-813D-C9429CBAFDB4}.Debug|Any CPU.Build.0 = Debug|Any CPU
		{9931F102-5478-481D-813D-C9429CBAFDB4}.Release|Any CPU.ActiveCfg = Release|Any CPU
		{9931F102-5478-481D-813D-C9429CBAFDB4}.Release|Any CPU.Build.0 = Release|Any CPU
		{DF1EB0DB-E721-4B82-ADC5-92ADB3B580B3}.Debug|Any CPU.ActiveCfg = Debug|Any CPU
		{DF1EB0DB-E721-4B82-ADC5-92ADB3B580B3}.Debug|Any CPU.Build.0 = Debug|Any CPU
		{DF1EB0DB-E721-4B82-ADC5-92ADB3B580B3}.Release|Any CPU.ActiveCfg = Release|Any CPU
		{DF1EB0DB-E721-4B82-ADC5-92ADB3B580B3}.Release|Any CPU.Build.0 = Release|Any CPU
		{C726D41D-CC27-439B-8FF0-292037EA54D1}.Debug|Any CPU.ActiveCfg = Debug|Any CPU
		{C726D41D-CC27-439B-8FF0-292037EA54D1}.Debug|Any CPU.Build.0 = Debug|Any CPU
		{C726D41D-CC27-439B-8FF0-292037EA54D1}.Release|Any CPU.ActiveCfg = Release|Any CPU
		{C726D41D-CC27-439B-8FF0-292037EA54D1}.Release|Any CPU.Build.0 = Release|Any CPU
		{803274EF-DCED-4578-9A5A-8F114BA3811C}.Debug|Any CPU.ActiveCfg = Debug|Any CPU
		{803274EF-DCED-4578-9A5A-8F114BA3811C}.Debug|Any CPU.Build.0 = Debug|Any CPU
		{803274EF-DCED-4578-9A5A-8F114BA3811C}.Release|Any CPU.ActiveCfg = Release|Any CPU
		{803274EF-DCED-4578-9A5A-8F114BA3811C}.Release|Any CPU.Build.0 = Release|Any CPU
		{952C6053-7793-4990-B5F5-CE637B576B6B}.Debug|Any CPU.ActiveCfg = Debug|Any CPU
		{952C6053-7793-4990-B5F5-CE637B576B6B}.Debug|Any CPU.Build.0 = Debug|Any CPU
		{952C6053-7793-4990-B5F5-CE637B576B6B}.Release|Any CPU.ActiveCfg = Release|Any CPU
		{952C6053-7793-4990-B5F5-CE637B576B6B}.Release|Any CPU.Build.0 = Release|Any CPU
		{B9E9B72C-2575-4FB0-8DD1-F5677AEB529A}.Debug|Any CPU.ActiveCfg = Debug|Any CPU
		{B9E9B72C-2575-4FB0-8DD1-F5677AEB529A}.Debug|Any CPU.Build.0 = Debug|Any CPU
		{B9E9B72C-2575-4FB0-8DD1-F5677AEB529A}.Release|Any CPU.ActiveCfg = Release|Any CPU
		{B9E9B72C-2575-4FB0-8DD1-F5677AEB529A}.Release|Any CPU.Build.0 = Release|Any CPU
		{34FD5A03-C989-44CE-A582-D241C99CA127}.Debug|Any CPU.ActiveCfg = Debug|Any CPU
		{34FD5A03-C989-44CE-A582-D241C99CA127}.Debug|Any CPU.Build.0 = Debug|Any CPU
		{34FD5A03-C989-44CE-A582-D241C99CA127}.Release|Any CPU.ActiveCfg = Release|Any CPU
		{34FD5A03-C989-44CE-A582-D241C99CA127}.Release|Any CPU.Build.0 = Release|Any CPU
		{4797BCF5-595A-46C6-9599-9C5F2F270B4C}.Debug|Any CPU.ActiveCfg = Debug|Any CPU
		{4797BCF5-595A-46C6-9599-9C5F2F270B4C}.Debug|Any CPU.Build.0 = Debug|Any CPU
		{4797BCF5-595A-46C6-9599-9C5F2F270B4C}.Release|Any CPU.ActiveCfg = Release|Any CPU
		{4797BCF5-595A-46C6-9599-9C5F2F270B4C}.Release|Any CPU.Build.0 = Release|Any CPU
		{F282C0E3-9F8B-4357-BDB6-82E1B3568E15}.Debug|Any CPU.ActiveCfg = Debug|Any CPU
		{F282C0E3-9F8B-4357-BDB6-82E1B3568E15}.Debug|Any CPU.Build.0 = Debug|Any CPU
		{F282C0E3-9F8B-4357-BDB6-82E1B3568E15}.Release|Any CPU.ActiveCfg = Release|Any CPU
		{F282C0E3-9F8B-4357-BDB6-82E1B3568E15}.Release|Any CPU.Build.0 = Release|Any CPU
	EndGlobalSection
	GlobalSection(SolutionProperties) = preSolution
		HideSolutionNode = FALSE
	EndGlobalSection
	GlobalSection(NestedProjects) = preSolution
		{9931F102-5478-481D-813D-C9429CBAFDB4} = {AD650E5B-BCD6-4616-8E6B-79D7DE8CEBBA}
		{DF1EB0DB-E721-4B82-ADC5-92ADB3B580B3} = {AD650E5B-BCD6-4616-8E6B-79D7DE8CEBBA}
		{C726D41D-CC27-439B-8FF0-292037EA54D1} = {AD650E5B-BCD6-4616-8E6B-79D7DE8CEBBA}
		{803274EF-DCED-4578-9A5A-8F114BA3811C} = {AD650E5B-BCD6-4616-8E6B-79D7DE8CEBBA}
		{952C6053-7793-4990-B5F5-CE637B576B6B} = {AD650E5B-BCD6-4616-8E6B-79D7DE8CEBBA}
		{B9E9B72C-2575-4FB0-8DD1-F5677AEB529A} = {1DFE66C6-3A79-4119-8566-E9A02E0605A0}
		{34FD5A03-C989-44CE-A582-D241C99CA127} = {1DFE66C6-3A79-4119-8566-E9A02E0605A0}
		{4797BCF5-595A-46C6-9599-9C5F2F270B4C} = {D60FC3B0-D7F7-46F0-BF7B-B786BC535FD7}
		{F282C0E3-9F8B-4357-BDB6-82E1B3568E15} = {AD650E5B-BCD6-4616-8E6B-79D7DE8CEBBA}
	EndGlobalSection
	GlobalSection(ExtensibilityGlobals) = postSolution
		SolutionGuid = {0B9A1AB2-BA7F-4659-B18C-FF426148BEB1}
	EndGlobalSection
EndGlobal
