
Microsoft Visual Studio Solution File, Format Version 12.00
# Visual Studio Version 17
VisualStudioVersion = 17.0.31903.59
MinimumVisualStudioVersion = 10.0.40219.1
Project("{2150E333-8FDC-42A3-9474-1A3956D46DE8}") = "src", "src", "{E46F6314-0121-4426-8BFA-437471684B87}"
EndProject
Project("{FAE04EC0-301F-11D3-BF4B-00C04F79EFBC}") = "CleanDdd.Adapters.Infrastructure2", "src\CleanDdd.Adapters.Infrastructure2\CleanDdd.Adapters.Infrastructure2.csproj", "{1A42D2D6-ED05-4A21-BEE8-B77650F0ABA2}"
EndProject
Project("{2150E333-8FDC-42A3-9474-1A3956D46DE8}") = "src_", "src_", "{2C05DA2C-240A-4015-AB01-7001BD940926}"
EndProject
Project("{FAE04EC0-301F-11D3-BF4B-00C04F79EFBC}") = "CleanDdd.Adapters.Infrastructure", "src_\CleanDdd.Adapters.Infrastructure\CleanDdd.Adapters.Infrastructure.csproj", "{10FF05E9-BB86-43C1-B202-763CEA59433F}"
EndProject
Project("{FAE04EC0-301F-11D3-BF4B-00C04F79EFBC}") = "CleanDdd.Adapters.Persistence", "src_\CleanDdd.Adapters.Persistence\CleanDdd.Adapters.Persistence.csproj", "{E40197F9-D6C3-4223-B1FC-5E2D89B6A6C5}"
EndProject
Project("{FAE04EC0-301F-11D3-BF4B-00C04F79EFBC}") = "CleanDdd.Adapters.Presentation", "src_\CleanDdd.Adapters.Presentation\CleanDdd.Adapters.Presentation.csproj", "{FF077EA4-EEC2-43C3-BD03-540ABEA59C24}"
EndProject
Project("{FAE04EC0-301F-11D3-BF4B-00C04F79EFBC}") = "CleanDdd.Application", "src_\CleanDdd.Application\CleanDdd.Application.csproj", "{21D80606-B6E7-42E1-B34C-0CE14FE9FECD}"
EndProject
Project("{FAE04EC0-301F-11D3-BF4B-00C04F79EFBC}") = "CleanDdd.Domain", "src_\CleanDdd.Domain\CleanDdd.Domain.csproj", "{31A0D0B0-2EBC-4A3B-AC58-81D5D8E6DFF6}"
EndProject
Project("{FAE04EC0-301F-11D3-BF4B-00C04F79EFBC}") = "CleanDdd.Host", "src_\CleanDdd.Host\CleanDdd.Host.csproj", "{D1DD997E-9472-4E70-A48F-6088F6467094}"
EndProject
Project("{2150E333-8FDC-42A3-9474-1A3956D46DE8}") = "tests", "tests", "{A7E4B980-17AB-4F89-90FD-6C42AA86944A}"
EndProject
Project("{FAE04EC0-301F-11D3-BF4B-00C04F79EFBC}") = "CleanDdd.Tests.Integration", "tests\CleanDdd.Tests.Integration\CleanDdd.Tests.Integration.csproj", "{DC0FB816-ADC1-4EFF-AC43-E409FA580ADB}"
EndProject
Project("{FAE04EC0-301F-11D3-BF4B-00C04F79EFBC}") = "CleanDdd.Tests.Unit", "tests\CleanDdd.Tests.Unit\CleanDdd.Tests.Unit.csproj", "{73F07C72-F4C1-4B68-96DE-4750B348C34D}"
EndProject
Project("{2150E333-8FDC-42A3-9474-1A3956D46DE8}") = "tutorials", "tutorials", "{E8C8BC5C-495C-492A-BD03-B6CEA2A1720E}"
EndProject
Project("{2150E333-8FDC-42A3-9474-1A3956D46DE8}") = "01-SolutionSetting", "01-SolutionSetting", "{087C922B-0584-4AEE-BF43-F0F67C405B2E}"
EndProject
Project("{2150E333-8FDC-42A3-9474-1A3956D46DE8}") = "01-SolutionConfig", "01-SolutionConfig", "{1439A4B3-4CD2-4658-8C95-990CA6E26435}"
EndProject
Project("{2150E333-8FDC-42A3-9474-1A3956D46DE8}") = "03-BuildProps", "03-BuildProps", "{7193139B-2229-4B3A-A0EC-DFEABFCBC67C}"
EndProject
Project("{FAE04EC0-301F-11D3-BF4B-00C04F79EFBC}") = "BuildProps.ClassLibrary", "tutorials\01-SolutionSetting\01-SolutionConfig\03-BuildProps\BuildProps.ClassLibrary\BuildProps.ClassLibrary.csproj", "{CAAC7230-0BC6-4721-B620-85811AC10785}"
EndProject
Project("{FAE04EC0-301F-11D3-BF4B-00C04F79EFBC}") = "BuildProps.Console", "tutorials\01-SolutionSetting\01-SolutionConfig\03-BuildProps\BuildProps.Console\BuildProps.Console.csproj", "{85767050-B4D6-4840-9569-6E137562EA3C}"
EndProject
Project("{2150E333-8FDC-42A3-9474-1A3956D46DE8}") = "04.1-PackagesProps", "04.1-PackagesProps", "{D4A10957-01DC-4EBA-A4C0-F072CA080A80}"
EndProject
Project("{FAE04EC0-301F-11D3-BF4B-00C04F79EFBC}") = "PackagesProps.ClassLibrary", "tutorials\01-SolutionSetting\01-SolutionConfig\04.1-PackagesProps\PackagesProps.ClassLibrary\PackagesProps.ClassLibrary.csproj", "{8F9B48B9-6D5A-4A94-B52C-FB4ADBB4CE13}"
EndProject
Project("{FAE04EC0-301F-11D3-BF4B-00C04F79EFBC}") = "PackagesProps.Console", "tutorials\01-SolutionSetting\01-SolutionConfig\04.1-PackagesProps\PackagesProps.Console\PackagesProps.Console.csproj", "{4156A055-3D92-4144-BF56-9E863B568E32}"
EndProject
Project("{2150E333-8FDC-42A3-9474-1A3956D46DE8}") = "SolutionSettingSample", "SolutionSettingSample", "{5EF1E3BA-1334-45C2-B9C7-B7AEF3E06B33}"
EndProject
Project("{2150E333-8FDC-42A3-9474-1A3956D46DE8}") = "Src", "Src", "{45358332-DC11-4066-8E43-91E5121C6824}"
EndProject
Project("{FAE04EC0-301F-11D3-BF4B-00C04F79EFBC}") = "CleanDdd.Application", "tutorials\01-SolutionSetting\01-SolutionConfig\SolutionSettingSample\Src\CleanDdd.Application\CleanDdd.Application.csproj", "{40260346-E105-44A9-BF34-69C39EE6552C}"
EndProject
Project("{FAE04EC0-301F-11D3-BF4B-00C04F79EFBC}") = "CleanDdd.Domain", "tutorials\01-SolutionSetting\01-SolutionConfig\SolutionSettingSample\Src\CleanDdd.Domain\CleanDdd.Domain.csproj", "{0D9191EE-6F82-4B71-A87C-8F5BC1FF5AEE}"
EndProject
Project("{2150E333-8FDC-42A3-9474-1A3956D46DE8}") = "Tests", "Tests", "{462366E5-DB36-4EA0-9C75-CC92CA5F6EB2}"
EndProject
Project("{FAE04EC0-301F-11D3-BF4B-00C04F79EFBC}") = "CleanDdd.Test.Integration", "tutorials\01-SolutionSetting\01-SolutionConfig\SolutionSettingSample\Tests\CleanDdd.Test.Integration\CleanDdd.Test.Integration.csproj", "{C3DCC6B8-5A5F-4B21-948F-094AE6876A81}"
EndProject
Project("{FAE04EC0-301F-11D3-BF4B-00C04F79EFBC}") = "CleanDdd.Tests.Unit", "tutorials\01-SolutionSetting\01-SolutionConfig\SolutionSettingSample\Tests\CleanDdd.Tests.Unit\CleanDdd.Tests.Unit.csproj", "{BCA9F328-2584-4163-BD14-4F35574380C1}"
EndProject
Global
	GlobalSection(SolutionConfigurationPlatforms) = preSolution
		Debug|Any CPU = Debug|Any CPU
		Release|Any CPU = Release|Any CPU
	EndGlobalSection
	GlobalSection(SolutionProperties) = preSolution
		HideSolutionNode = FALSE
	EndGlobalSection
	GlobalSection(ProjectConfigurationPlatforms) = postSolution
		{1A42D2D6-ED05-4A21-BEE8-B77650F0ABA2}.Debug|Any CPU.ActiveCfg = Debug|Any CPU
		{1A42D2D6-ED05-4A21-BEE8-B77650F0ABA2}.Debug|Any CPU.Build.0 = Debug|Any CPU
		{1A42D2D6-ED05-4A21-BEE8-B77650F0ABA2}.Release|Any CPU.ActiveCfg = Release|Any CPU
		{1A42D2D6-ED05-4A21-BEE8-B77650F0ABA2}.Release|Any CPU.Build.0 = Release|Any CPU
		{10FF05E9-BB86-43C1-B202-763CEA59433F}.Debug|Any CPU.ActiveCfg = Debug|Any CPU
		{10FF05E9-BB86-43C1-B202-763CEA59433F}.Debug|Any CPU.Build.0 = Debug|Any CPU
		{10FF05E9-BB86-43C1-B202-763CEA59433F}.Release|Any CPU.ActiveCfg = Release|Any CPU
		{10FF05E9-BB86-43C1-B202-763CEA59433F}.Release|Any CPU.Build.0 = Release|Any CPU
		{E40197F9-D6C3-4223-B1FC-5E2D89B6A6C5}.Debug|Any CPU.ActiveCfg = Debug|Any CPU
		{E40197F9-D6C3-4223-B1FC-5E2D89B6A6C5}.Debug|Any CPU.Build.0 = Debug|Any CPU
		{E40197F9-D6C3-4223-B1FC-5E2D89B6A6C5}.Release|Any CPU.ActiveCfg = Release|Any CPU
		{E40197F9-D6C3-4223-B1FC-5E2D89B6A6C5}.Release|Any CPU.Build.0 = Release|Any CPU
		{FF077EA4-EEC2-43C3-BD03-540ABEA59C24}.Debug|Any CPU.ActiveCfg = Debug|Any CPU
		{FF077EA4-EEC2-43C3-BD03-540ABEA59C24}.Debug|Any CPU.Build.0 = Debug|Any CPU
		{FF077EA4-EEC2-43C3-BD03-540ABEA59C24}.Release|Any CPU.ActiveCfg = Release|Any CPU
		{FF077EA4-EEC2-43C3-BD03-540ABEA59C24}.Release|Any CPU.Build.0 = Release|Any CPU
		{21D80606-B6E7-42E1-B34C-0CE14FE9FECD}.Debug|Any CPU.ActiveCfg = Debug|Any CPU
		{21D80606-B6E7-42E1-B34C-0CE14FE9FECD}.Debug|Any CPU.Build.0 = Debug|Any CPU
		{21D80606-B6E7-42E1-B34C-0CE14FE9FECD}.Release|Any CPU.ActiveCfg = Release|Any CPU
		{21D80606-B6E7-42E1-B34C-0CE14FE9FECD}.Release|Any CPU.Build.0 = Release|Any CPU
		{31A0D0B0-2EBC-4A3B-AC58-81D5D8E6DFF6}.Debug|Any CPU.ActiveCfg = Debug|Any CPU
		{31A0D0B0-2EBC-4A3B-AC58-81D5D8E6DFF6}.Debug|Any CPU.Build.0 = Debug|Any CPU
		{31A0D0B0-2EBC-4A3B-AC58-81D5D8E6DFF6}.Release|Any CPU.ActiveCfg = Release|Any CPU
		{31A0D0B0-2EBC-4A3B-AC58-81D5D8E6DFF6}.Release|Any CPU.Build.0 = Release|Any CPU
		{D1DD997E-9472-4E70-A48F-6088F6467094}.Debug|Any CPU.ActiveCfg = Debug|Any CPU
		{D1DD997E-9472-4E70-A48F-6088F6467094}.Debug|Any CPU.Build.0 = Debug|Any CPU
		{D1DD997E-9472-4E70-A48F-6088F6467094}.Release|Any CPU.ActiveCfg = Release|Any CPU
		{D1DD997E-9472-4E70-A48F-6088F6467094}.Release|Any CPU.Build.0 = Release|Any CPU
		{DC0FB816-ADC1-4EFF-AC43-E409FA580ADB}.Debug|Any CPU.ActiveCfg = Debug|Any CPU
		{DC0FB816-ADC1-4EFF-AC43-E409FA580ADB}.Debug|Any CPU.Build.0 = Debug|Any CPU
		{DC0FB816-ADC1-4EFF-AC43-E409FA580ADB}.Release|Any CPU.ActiveCfg = Release|Any CPU
		{DC0FB816-ADC1-4EFF-AC43-E409FA580ADB}.Release|Any CPU.Build.0 = Release|Any CPU
		{73F07C72-F4C1-4B68-96DE-4750B348C34D}.Debug|Any CPU.ActiveCfg = Debug|Any CPU
		{73F07C72-F4C1-4B68-96DE-4750B348C34D}.Debug|Any CPU.Build.0 = Debug|Any CPU
		{73F07C72-F4C1-4B68-96DE-4750B348C34D}.Release|Any CPU.ActiveCfg = Release|Any CPU
		{73F07C72-F4C1-4B68-96DE-4750B348C34D}.Release|Any CPU.Build.0 = Release|Any CPU
		{CAAC7230-0BC6-4721-B620-85811AC10785}.Debug|Any CPU.ActiveCfg = Debug|Any CPU
		{CAAC7230-0BC6-4721-B620-85811AC10785}.Debug|Any CPU.Build.0 = Debug|Any CPU
		{CAAC7230-0BC6-4721-B620-85811AC10785}.Release|Any CPU.ActiveCfg = Release|Any CPU
		{CAAC7230-0BC6-4721-B620-85811AC10785}.Release|Any CPU.Build.0 = Release|Any CPU
		{85767050-B4D6-4840-9569-6E137562EA3C}.Debug|Any CPU.ActiveCfg = Debug|Any CPU
		{85767050-B4D6-4840-9569-6E137562EA3C}.Debug|Any CPU.Build.0 = Debug|Any CPU
		{85767050-B4D6-4840-9569-6E137562EA3C}.Release|Any CPU.ActiveCfg = Release|Any CPU
		{85767050-B4D6-4840-9569-6E137562EA3C}.Release|Any CPU.Build.0 = Release|Any CPU
		{8F9B48B9-6D5A-4A94-B52C-FB4ADBB4CE13}.Debug|Any CPU.ActiveCfg = Debug|Any CPU
		{8F9B48B9-6D5A-4A94-B52C-FB4ADBB4CE13}.Debug|Any CPU.Build.0 = Debug|Any CPU
		{8F9B48B9-6D5A-4A94-B52C-FB4ADBB4CE13}.Release|Any CPU.ActiveCfg = Release|Any CPU
		{8F9B48B9-6D5A-4A94-B52C-FB4ADBB4CE13}.Release|Any CPU.Build.0 = Release|Any CPU
		{4156A055-3D92-4144-BF56-9E863B568E32}.Debug|Any CPU.ActiveCfg = Debug|Any CPU
		{4156A055-3D92-4144-BF56-9E863B568E32}.Debug|Any CPU.Build.0 = Debug|Any CPU
		{4156A055-3D92-4144-BF56-9E863B568E32}.Release|Any CPU.ActiveCfg = Release|Any CPU
		{4156A055-3D92-4144-BF56-9E863B568E32}.Release|Any CPU.Build.0 = Release|Any CPU
		{40260346-E105-44A9-BF34-69C39EE6552C}.Debug|Any CPU.ActiveCfg = Debug|Any CPU
		{40260346-E105-44A9-BF34-69C39EE6552C}.Debug|Any CPU.Build.0 = Debug|Any CPU
		{40260346-E105-44A9-BF34-69C39EE6552C}.Release|Any CPU.ActiveCfg = Release|Any CPU
		{40260346-E105-44A9-BF34-69C39EE6552C}.Release|Any CPU.Build.0 = Release|Any CPU
		{0D9191EE-6F82-4B71-A87C-8F5BC1FF5AEE}.Debug|Any CPU.ActiveCfg = Debug|Any CPU
		{0D9191EE-6F82-4B71-A87C-8F5BC1FF5AEE}.Debug|Any CPU.Build.0 = Debug|Any CPU
		{0D9191EE-6F82-4B71-A87C-8F5BC1FF5AEE}.Release|Any CPU.ActiveCfg = Release|Any CPU
		{0D9191EE-6F82-4B71-A87C-8F5BC1FF5AEE}.Release|Any CPU.Build.0 = Release|Any CPU
		{C3DCC6B8-5A5F-4B21-948F-094AE6876A81}.Debug|Any CPU.ActiveCfg = Debug|Any CPU
		{C3DCC6B8-5A5F-4B21-948F-094AE6876A81}.Debug|Any CPU.Build.0 = Debug|Any CPU
		{C3DCC6B8-5A5F-4B21-948F-094AE6876A81}.Release|Any CPU.ActiveCfg = Release|Any CPU
		{C3DCC6B8-5A5F-4B21-948F-094AE6876A81}.Release|Any CPU.Build.0 = Release|Any CPU
		{BCA9F328-2584-4163-BD14-4F35574380C1}.Debug|Any CPU.ActiveCfg = Debug|Any CPU
		{BCA9F328-2584-4163-BD14-4F35574380C1}.Debug|Any CPU.Build.0 = Debug|Any CPU
		{BCA9F328-2584-4163-BD14-4F35574380C1}.Release|Any CPU.ActiveCfg = Release|Any CPU
		{BCA9F328-2584-4163-BD14-4F35574380C1}.Release|Any CPU.Build.0 = Release|Any CPU
	EndGlobalSection
	GlobalSection(NestedProjects) = preSolution
		{1A42D2D6-ED05-4A21-BEE8-B77650F0ABA2} = {E46F6314-0121-4426-8BFA-437471684B87}
		{10FF05E9-BB86-43C1-B202-763CEA59433F} = {2C05DA2C-240A-4015-AB01-7001BD940926}
		{E40197F9-D6C3-4223-B1FC-5E2D89B6A6C5} = {2C05DA2C-240A-4015-AB01-7001BD940926}
		{FF077EA4-EEC2-43C3-BD03-540ABEA59C24} = {2C05DA2C-240A-4015-AB01-7001BD940926}
		{21D80606-B6E7-42E1-B34C-0CE14FE9FECD} = {2C05DA2C-240A-4015-AB01-7001BD940926}
		{31A0D0B0-2EBC-4A3B-AC58-81D5D8E6DFF6} = {2C05DA2C-240A-4015-AB01-7001BD940926}
		{D1DD997E-9472-4E70-A48F-6088F6467094} = {2C05DA2C-240A-4015-AB01-7001BD940926}
		{DC0FB816-ADC1-4EFF-AC43-E409FA580ADB} = {A7E4B980-17AB-4F89-90FD-6C42AA86944A}
		{73F07C72-F4C1-4B68-96DE-4750B348C34D} = {A7E4B980-17AB-4F89-90FD-6C42AA86944A}
		{087C922B-0584-4AEE-BF43-F0F67C405B2E} = {E8C8BC5C-495C-492A-BD03-B6CEA2A1720E}
		{1439A4B3-4CD2-4658-8C95-990CA6E26435} = {087C922B-0584-4AEE-BF43-F0F67C405B2E}
		{7193139B-2229-4B3A-A0EC-DFEABFCBC67C} = {1439A4B3-4CD2-4658-8C95-990CA6E26435}
		{CAAC7230-0BC6-4721-B620-85811AC10785} = {7193139B-2229-4B3A-A0EC-DFEABFCBC67C}
		{85767050-B4D6-4840-9569-6E137562EA3C} = {7193139B-2229-4B3A-A0EC-DFEABFCBC67C}
		{D4A10957-01DC-4EBA-A4C0-F072CA080A80} = {1439A4B3-4CD2-4658-8C95-990CA6E26435}
		{8F9B48B9-6D5A-4A94-B52C-FB4ADBB4CE13} = {D4A10957-01DC-4EBA-A4C0-F072CA080A80}
		{4156A055-3D92-4144-BF56-9E863B568E32} = {D4A10957-01DC-4EBA-A4C0-F072CA080A80}
		{5EF1E3BA-1334-45C2-B9C7-B7AEF3E06B33} = {1439A4B3-4CD2-4658-8C95-990CA6E26435}
		{45358332-DC11-4066-8E43-91E5121C6824} = {5EF1E3BA-1334-45C2-B9C7-B7AEF3E06B33}
		{40260346-E105-44A9-BF34-69C39EE6552C} = {45358332-DC11-4066-8E43-91E5121C6824}
		{0D9191EE-6F82-4B71-A87C-8F5BC1FF5AEE} = {45358332-DC11-4066-8E43-91E5121C6824}
		{462366E5-DB36-4EA0-9C75-CC92CA5F6EB2} = {5EF1E3BA-1334-45C2-B9C7-B7AEF3E06B33}
		{C3DCC6B8-5A5F-4B21-948F-094AE6876A81} = {462366E5-DB36-4EA0-9C75-CC92CA5F6EB2}
		{BCA9F328-2584-4163-BD14-4F35574380C1} = {462366E5-DB36-4EA0-9C75-CC92CA5F6EB2}
	EndGlobalSection
EndGlobal
