
Microsoft Visual Studio Solution File, Format Version 12.00
# Visual Studio Version 17
VisualStudioVersion = 17.0.31903.59
MinimumVisualStudioVersion = 10.0.40219.1
Project("{2150E333-8FDC-42A3-9474-1A3956D46DE8}") = "src", "src", "{9252A34D-E6EA-4309-86AA-DF56E11D1B6F}"
EndProject
Project("{FAE04EC0-301F-11D3-BF4B-00C04F79EFBC}") = "CleanDdd.Application", "src\CleanDdd.Application\CleanDdd.Application.csproj", "{07C33D71-3A40-4B21-877A-CCCC6C5F0CF1}"
EndProject
Project("{FAE04EC0-301F-11D3-BF4B-00C04F79EFBC}") = "CleanDdd.Domain", "src\CleanDdd.Domain\CleanDdd.Domain.csproj", "{2F703DD8-5A4D-4F81-8BFE-F757FD23B74D}"
EndProject
Project("{2150E333-8FDC-42A3-9474-1A3956D46DE8}") = "tests", "tests", "{45398DD3-F141-4C97-8F77-99C2966951BE}"
EndProject
Project("{FAE04EC0-301F-11D3-BF4B-00C04F79EFBC}") = "CleanDdd.Test.Integration", "tests\CleanDdd.Test.Integration\CleanDdd.Test.Integration.csproj", "{9BAE58C4-2D3B-42F8-833F-BD464ACAF898}"
EndProject
Project("{FAE04EC0-301F-11D3-BF4B-00C04F79EFBC}") = "CleanDdd.Tests.Unit", "tests\CleanDdd.Tests.Unit\CleanDdd.Tests.Unit.csproj", "{716B0C0E-47AD-448F-BC43-9E5CAFDDD9F3}"
EndProject
Project("{FAE04EC0-301F-11D3-BF4B-00C04F79EFBC}") = "CleanDdd.Adapters.Infrastructure", "src\CleanDdd.Adapters.Infrastructure\CleanDdd.Adapters.Infrastructure.csproj", "{D750BA4B-9FDC-487B-8486-2F387B596DEE}"
EndProject
Project("{FAE04EC0-301F-11D3-BF4B-00C04F79EFBC}") = "CleanDdd.Adapters.Persistence", "src\CleanDdd.Adapters.Persistence\CleanDdd.Adapters.Persistence.csproj", "{83CFFF93-7A88-4BE1-A636-97F0AF650403}"
EndProject
Project("{FAE04EC0-301F-11D3-BF4B-00C04F79EFBC}") = "CleanDdd.Adapters.Presentation", "src\CleanDdd.Adapters.Presentation\CleanDdd.Adapters.Presentation.csproj", "{4C8EB575-B5ED-4F1F-915E-CE647DDD0E69}"
EndProject
Global
	GlobalSection(SolutionConfigurationPlatforms) = preSolution
		Debug|Any CPU = Debug|Any CPU
		Release|Any CPU = Release|Any CPU
	EndGlobalSection
	GlobalSection(SolutionProperties) = preSolution
		HideSolutionNode = FALSE
	EndGlobalSection
	GlobalSection(ProjectConfigurationPlatforms) = postSolution
		{07C33D71-3A40-4B21-877A-CCCC6C5F0CF1}.Debug|Any CPU.ActiveCfg = Debug|Any CPU
		{07C33D71-3A40-4B21-877A-CCCC6C5F0CF1}.Debug|Any CPU.Build.0 = Debug|Any CPU
		{07C33D71-3A40-4B21-877A-CCCC6C5F0CF1}.Release|Any CPU.ActiveCfg = Release|Any CPU
		{07C33D71-3A40-4B21-877A-CCCC6C5F0CF1}.Release|Any CPU.Build.0 = Release|Any CPU
		{2F703DD8-5A4D-4F81-8BFE-F757FD23B74D}.Debug|Any CPU.ActiveCfg = Debug|Any CPU
		{2F703DD8-5A4D-4F81-8BFE-F757FD23B74D}.Debug|Any CPU.Build.0 = Debug|Any CPU
		{2F703DD8-5A4D-4F81-8BFE-F757FD23B74D}.Release|Any CPU.ActiveCfg = Release|Any CPU
		{2F703DD8-5A4D-4F81-8BFE-F757FD23B74D}.Release|Any CPU.Build.0 = Release|Any CPU
		{9BAE58C4-2D3B-42F8-833F-BD464ACAF898}.Debug|Any CPU.ActiveCfg = Debug|Any CPU
		{9BAE58C4-2D3B-42F8-833F-BD464ACAF898}.Debug|Any CPU.Build.0 = Debug|Any CPU
		{9BAE58C4-2D3B-42F8-833F-BD464ACAF898}.Release|Any CPU.ActiveCfg = Release|Any CPU
		{9BAE58C4-2D3B-42F8-833F-BD464ACAF898}.Release|Any CPU.Build.0 = Release|Any CPU
		{716B0C0E-47AD-448F-BC43-9E5CAFDDD9F3}.Debug|Any CPU.ActiveCfg = Debug|Any CPU
		{716B0C0E-47AD-448F-BC43-9E5CAFDDD9F3}.Debug|Any CPU.Build.0 = Debug|Any CPU
		{716B0C0E-47AD-448F-BC43-9E5CAFDDD9F3}.Release|Any CPU.ActiveCfg = Release|Any CPU
		{716B0C0E-47AD-448F-BC43-9E5CAFDDD9F3}.Release|Any CPU.Build.0 = Release|Any CPU
		{D750BA4B-9FDC-487B-8486-2F387B596DEE}.Debug|Any CPU.ActiveCfg = Debug|Any CPU
		{D750BA4B-9FDC-487B-8486-2F387B596DEE}.Debug|Any CPU.Build.0 = Debug|Any CPU
		{D750BA4B-9FDC-487B-8486-2F387B596DEE}.Release|Any CPU.ActiveCfg = Release|Any CPU
		{D750BA4B-9FDC-487B-8486-2F387B596DEE}.Release|Any CPU.Build.0 = Release|Any CPU
		{83CFFF93-7A88-4BE1-A636-97F0AF650403}.Debug|Any CPU.ActiveCfg = Debug|Any CPU
		{83CFFF93-7A88-4BE1-A636-97F0AF650403}.Debug|Any CPU.Build.0 = Debug|Any CPU
		{83CFFF93-7A88-4BE1-A636-97F0AF650403}.Release|Any CPU.ActiveCfg = Release|Any CPU
		{83CFFF93-7A88-4BE1-A636-97F0AF650403}.Release|Any CPU.Build.0 = Release|Any CPU
		{4C8EB575-B5ED-4F1F-915E-CE647DDD0E69}.Debug|Any CPU.ActiveCfg = Debug|Any CPU
		{4C8EB575-B5ED-4F1F-915E-CE647DDD0E69}.Debug|Any CPU.Build.0 = Debug|Any CPU
		{4C8EB575-B5ED-4F1F-915E-CE647DDD0E69}.Release|Any CPU.ActiveCfg = Release|Any CPU
		{4C8EB575-B5ED-4F1F-915E-CE647DDD0E69}.Release|Any CPU.Build.0 = Release|Any CPU
	EndGlobalSection
	GlobalSection(NestedProjects) = preSolution
		{07C33D71-3A40-4B21-877A-CCCC6C5F0CF1} = {9252A34D-E6EA-4309-86AA-DF56E11D1B6F}
		{2F703DD8-5A4D-4F81-8BFE-F757FD23B74D} = {9252A34D-E6EA-4309-86AA-DF56E11D1B6F}
		{9BAE58C4-2D3B-42F8-833F-BD464ACAF898} = {45398DD3-F141-4C97-8F77-99C2966951BE}
		{716B0C0E-47AD-448F-BC43-9E5CAFDDD9F3} = {45398DD3-F141-4C97-8F77-99C2966951BE}
		{D750BA4B-9FDC-487B-8486-2F387B596DEE} = {9252A34D-E6EA-4309-86AA-DF56E11D1B6F}
		{83CFFF93-7A88-4BE1-A636-97F0AF650403} = {9252A34D-E6EA-4309-86AA-DF56E11D1B6F}
		{4C8EB575-B5ED-4F1F-915E-CE647DDD0E69} = {9252A34D-E6EA-4309-86AA-DF56E11D1B6F}
	EndGlobalSection
EndGlobal
