
Microsoft Visual Studio Solution File, Format Version 12.00
# Visual Studio Version 17
VisualStudioVersion = 17.0.31903.59
MinimumVisualStudioVersion = 10.0.40219.1
Project("{2150E333-8FDC-42A3-9474-1A3956D46DE8}") = "src", "src", "{85362EEE-759B-40BE-B92F-A183F7E30E53}"
EndProject
Project("{FAE04EC0-301F-11D3-BF4B-00C04F79EFBC}") = "CleanDdd.Adapters.Infrastructure", "src\CleanDdd.Adapters.Infrastructure\CleanDdd.Adapters.Infrastructure.csproj", "{18A99A6E-41E8-40EC-BA81-CB9A31235EE9}"
EndProject
Project("{FAE04EC0-301F-11D3-BF4B-00C04F79EFBC}") = "CleanDdd.Adapters.Infrastructure2", "src\CleanDdd.Adapters.Infrastructure2\CleanDdd.Adapters.Infrastructure2.csproj", "{7B7096E3-B554-4FD6-9D45-B21B81AE2ABE}"
EndProject
Project("{FAE04EC0-301F-11D3-BF4B-00C04F79EFBC}") = "CleanDdd.Adapters.Persistence", "src\CleanDdd.Adapters.Persistence\CleanDdd.Adapters.Persistence.csproj", "{C6996C3A-7783-44DC-BC23-8FFD20ED0E3B}"
EndProject
Project("{FAE04EC0-301F-11D3-BF4B-00C04F79EFBC}") = "CleanDdd.Adapters.Presentation", "src\CleanDdd.Adapters.Presentation\CleanDdd.Adapters.Presentation.csproj", "{67938BF6-37CD-4B35-9070-E535E0C6399D}"
EndProject
Project("{FAE04EC0-301F-11D3-BF4B-00C04F79EFBC}") = "CleanDdd.Application", "src\CleanDdd.Application\CleanDdd.Application.csproj", "{177E8415-4102-48D0-9FA3-7890A3E00936}"
EndProject
Project("{FAE04EC0-301F-11D3-BF4B-00C04F79EFBC}") = "CleanDdd.Domain", "src\CleanDdd.Domain\CleanDdd.Domain.csproj", "{47BF2269-9C54-4221-A29D-F925EC9512E6}"
EndProject
Project("{FAE04EC0-301F-11D3-BF4B-00C04F79EFBC}") = "CleanDdd.Host", "src\CleanDdd.Host\CleanDdd.Host.csproj", "{9DE89EA0-0C2A-4CB1-A466-95559B25E9DD}"
EndProject
Project("{2150E333-8FDC-42A3-9474-1A3956D46DE8}") = "tests", "tests", "{4920EBE8-BE23-403B-B785-0CEF1DFDD5F6}"
EndProject
Project("{FAE04EC0-301F-11D3-BF4B-00C04F79EFBC}") = "CleanDdd.Tests.Integration", "tests\CleanDdd.Tests.Integration\CleanDdd.Tests.Integration.csproj", "{23921CF6-A60A-489B-9A0F-C9DEEE626FAC}"
EndProject
Project("{FAE04EC0-301F-11D3-BF4B-00C04F79EFBC}") = "CleanDdd.Tests.Unit", "tests\CleanDdd.Tests.Unit\CleanDdd.Tests.Unit.csproj", "{80B0C8D7-265D-476A-8C16-28DF9D5C6A7F}"
EndProject
Project("{2150E333-8FDC-42A3-9474-1A3956D46DE8}") = "tutorials", "tutorials", "{CBDA6B45-0D23-4BFE-8EA3-1FD70541D77C}"
EndProject
Project("{2150E333-8FDC-42A3-9474-1A3956D46DE8}") = "01-SolutionSetting", "01-SolutionSetting", "{B9131DB2-520C-4CE0-A434-EBC2A4D5B7A9}"
EndProject
Project("{2150E333-8FDC-42A3-9474-1A3956D46DE8}") = "01-SolutionConfig", "01-SolutionConfig", "{7DFF54D9-1DE3-4199-82E8-30F05B66F06F}"
EndProject
Project("{2150E333-8FDC-42A3-9474-1A3956D46DE8}") = "03-BuildProps", "03-BuildProps", "{9793F63B-6F3F-4440-9B4E-41135F60080B}"
EndProject
Project("{FAE04EC0-301F-11D3-BF4B-00C04F79EFBC}") = "BuildProps.ClassLibrary", "tutorials\01-SolutionSetting\01-SolutionConfig\03-BuildProps\BuildProps.ClassLibrary\BuildProps.ClassLibrary.csproj", "{845228B2-94FE-4EE8-A67A-67DD447F746E}"
EndProject
Project("{FAE04EC0-301F-11D3-BF4B-00C04F79EFBC}") = "BuildProps.Console", "tutorials\01-SolutionSetting\01-SolutionConfig\03-BuildProps\BuildProps.Console\BuildProps.Console.csproj", "{AAD51786-C50D-408B-928B-635DF4CAD5B6}"
EndProject
Project("{2150E333-8FDC-42A3-9474-1A3956D46DE8}") = "04.1-PackagesProps", "04.1-PackagesProps", "{562EE4C6-6626-41D8-895A-4C9BD24984B5}"
EndProject
Project("{FAE04EC0-301F-11D3-BF4B-00C04F79EFBC}") = "PackagesProps.ClassLibrary", "tutorials\01-SolutionSetting\01-SolutionConfig\04.1-PackagesProps\PackagesProps.ClassLibrary\PackagesProps.ClassLibrary.csproj", "{697C5EFC-0EDA-4F2C-97B5-ECDDF9017EFD}"
EndProject
Project("{FAE04EC0-301F-11D3-BF4B-00C04F79EFBC}") = "PackagesProps.Console", "tutorials\01-SolutionSetting\01-SolutionConfig\04.1-PackagesProps\PackagesProps.Console\PackagesProps.Console.csproj", "{D79A9881-0705-4DF0-8318-DCE922EB773C}"
EndProject
Project("{2150E333-8FDC-42A3-9474-1A3956D46DE8}") = "SolutionSettingSample", "SolutionSettingSample", "{4B042737-3004-4E12-8098-C44C516B451D}"
EndProject
Project("{2150E333-8FDC-42A3-9474-1A3956D46DE8}") = "Src", "Src", "{A6974755-965A-4530-B951-1907A5322367}"
EndProject
Project("{FAE04EC0-301F-11D3-BF4B-00C04F79EFBC}") = "CleanDdd.Application", "tutorials\01-SolutionSetting\01-SolutionConfig\SolutionSettingSample\Src\CleanDdd.Application\CleanDdd.Application.csproj", "{2CA59F08-6E19-43C9-B121-E54D6849C58F}"
EndProject
Project("{FAE04EC0-301F-11D3-BF4B-00C04F79EFBC}") = "CleanDdd.Domain", "tutorials\01-SolutionSetting\01-SolutionConfig\SolutionSettingSample\Src\CleanDdd.Domain\CleanDdd.Domain.csproj", "{F9E50B2E-84A9-4FFB-B442-AFF131CE9DAE}"
EndProject
Project("{2150E333-8FDC-42A3-9474-1A3956D46DE8}") = "Tests", "Tests", "{DE6E1B40-7989-4B94-8361-EA3E2646C265}"
EndProject
Project("{FAE04EC0-301F-11D3-BF4B-00C04F79EFBC}") = "CleanDdd.Test.Integration", "tutorials\01-SolutionSetting\01-SolutionConfig\SolutionSettingSample\Tests\CleanDdd.Test.Integration\CleanDdd.Test.Integration.csproj", "{DE680163-7FBC-4B5E-B168-CEFD72395C7F}"
EndProject
Project("{FAE04EC0-301F-11D3-BF4B-00C04F79EFBC}") = "CleanDdd.Tests.Unit", "tutorials\01-SolutionSetting\01-SolutionConfig\SolutionSettingSample\Tests\CleanDdd.Tests.Unit\CleanDdd.Tests.Unit.csproj", "{34823967-CB80-41FD-B60E-D6C40A6E68D8}"
EndProject
Global
	GlobalSection(SolutionConfigurationPlatforms) = preSolution
		Debug|Any CPU = Debug|Any CPU
		Release|Any CPU = Release|Any CPU
	EndGlobalSection
	GlobalSection(SolutionProperties) = preSolution
		HideSolutionNode = FALSE
	EndGlobalSection
	GlobalSection(ProjectConfigurationPlatforms) = postSolution
		{18A99A6E-41E8-40EC-BA81-CB9A31235EE9}.Debug|Any CPU.ActiveCfg = Debug|Any CPU
		{18A99A6E-41E8-40EC-BA81-CB9A31235EE9}.Debug|Any CPU.Build.0 = Debug|Any CPU
		{18A99A6E-41E8-40EC-BA81-CB9A31235EE9}.Release|Any CPU.ActiveCfg = Release|Any CPU
		{18A99A6E-41E8-40EC-BA81-CB9A31235EE9}.Release|Any CPU.Build.0 = Release|Any CPU
		{7B7096E3-B554-4FD6-9D45-B21B81AE2ABE}.Debug|Any CPU.ActiveCfg = Debug|Any CPU
		{7B7096E3-B554-4FD6-9D45-B21B81AE2ABE}.Debug|Any CPU.Build.0 = Debug|Any CPU
		{7B7096E3-B554-4FD6-9D45-B21B81AE2ABE}.Release|Any CPU.ActiveCfg = Release|Any CPU
		{7B7096E3-B554-4FD6-9D45-B21B81AE2ABE}.Release|Any CPU.Build.0 = Release|Any CPU
		{C6996C3A-7783-44DC-BC23-8FFD20ED0E3B}.Debug|Any CPU.ActiveCfg = Debug|Any CPU
		{C6996C3A-7783-44DC-BC23-8FFD20ED0E3B}.Debug|Any CPU.Build.0 = Debug|Any CPU
		{C6996C3A-7783-44DC-BC23-8FFD20ED0E3B}.Release|Any CPU.ActiveCfg = Release|Any CPU
		{C6996C3A-7783-44DC-BC23-8FFD20ED0E3B}.Release|Any CPU.Build.0 = Release|Any CPU
		{67938BF6-37CD-4B35-9070-E535E0C6399D}.Debug|Any CPU.ActiveCfg = Debug|Any CPU
		{67938BF6-37CD-4B35-9070-E535E0C6399D}.Debug|Any CPU.Build.0 = Debug|Any CPU
		{67938BF6-37CD-4B35-9070-E535E0C6399D}.Release|Any CPU.ActiveCfg = Release|Any CPU
		{67938BF6-37CD-4B35-9070-E535E0C6399D}.Release|Any CPU.Build.0 = Release|Any CPU
		{177E8415-4102-48D0-9FA3-7890A3E00936}.Debug|Any CPU.ActiveCfg = Debug|Any CPU
		{177E8415-4102-48D0-9FA3-7890A3E00936}.Debug|Any CPU.Build.0 = Debug|Any CPU
		{177E8415-4102-48D0-9FA3-7890A3E00936}.Release|Any CPU.ActiveCfg = Release|Any CPU
		{177E8415-4102-48D0-9FA3-7890A3E00936}.Release|Any CPU.Build.0 = Release|Any CPU
		{47BF2269-9C54-4221-A29D-F925EC9512E6}.Debug|Any CPU.ActiveCfg = Debug|Any CPU
		{47BF2269-9C54-4221-A29D-F925EC9512E6}.Debug|Any CPU.Build.0 = Debug|Any CPU
		{47BF2269-9C54-4221-A29D-F925EC9512E6}.Release|Any CPU.ActiveCfg = Release|Any CPU
		{47BF2269-9C54-4221-A29D-F925EC9512E6}.Release|Any CPU.Build.0 = Release|Any CPU
		{9DE89EA0-0C2A-4CB1-A466-95559B25E9DD}.Debug|Any CPU.ActiveCfg = Debug|Any CPU
		{9DE89EA0-0C2A-4CB1-A466-95559B25E9DD}.Debug|Any CPU.Build.0 = Debug|Any CPU
		{9DE89EA0-0C2A-4CB1-A466-95559B25E9DD}.Release|Any CPU.ActiveCfg = Release|Any CPU
		{9DE89EA0-0C2A-4CB1-A466-95559B25E9DD}.Release|Any CPU.Build.0 = Release|Any CPU
		{23921CF6-A60A-489B-9A0F-C9DEEE626FAC}.Debug|Any CPU.ActiveCfg = Debug|Any CPU
		{23921CF6-A60A-489B-9A0F-C9DEEE626FAC}.Debug|Any CPU.Build.0 = Debug|Any CPU
		{23921CF6-A60A-489B-9A0F-C9DEEE626FAC}.Release|Any CPU.ActiveCfg = Release|Any CPU
		{23921CF6-A60A-489B-9A0F-C9DEEE626FAC}.Release|Any CPU.Build.0 = Release|Any CPU
		{80B0C8D7-265D-476A-8C16-28DF9D5C6A7F}.Debug|Any CPU.ActiveCfg = Debug|Any CPU
		{80B0C8D7-265D-476A-8C16-28DF9D5C6A7F}.Debug|Any CPU.Build.0 = Debug|Any CPU
		{80B0C8D7-265D-476A-8C16-28DF9D5C6A7F}.Release|Any CPU.ActiveCfg = Release|Any CPU
		{80B0C8D7-265D-476A-8C16-28DF9D5C6A7F}.Release|Any CPU.Build.0 = Release|Any CPU
		{845228B2-94FE-4EE8-A67A-67DD447F746E}.Debug|Any CPU.ActiveCfg = Debug|Any CPU
		{845228B2-94FE-4EE8-A67A-67DD447F746E}.Debug|Any CPU.Build.0 = Debug|Any CPU
		{845228B2-94FE-4EE8-A67A-67DD447F746E}.Release|Any CPU.ActiveCfg = Release|Any CPU
		{845228B2-94FE-4EE8-A67A-67DD447F746E}.Release|Any CPU.Build.0 = Release|Any CPU
		{AAD51786-C50D-408B-928B-635DF4CAD5B6}.Debug|Any CPU.ActiveCfg = Debug|Any CPU
		{AAD51786-C50D-408B-928B-635DF4CAD5B6}.Debug|Any CPU.Build.0 = Debug|Any CPU
		{AAD51786-C50D-408B-928B-635DF4CAD5B6}.Release|Any CPU.ActiveCfg = Release|Any CPU
		{AAD51786-C50D-408B-928B-635DF4CAD5B6}.Release|Any CPU.Build.0 = Release|Any CPU
		{697C5EFC-0EDA-4F2C-97B5-ECDDF9017EFD}.Debug|Any CPU.ActiveCfg = Debug|Any CPU
		{697C5EFC-0EDA-4F2C-97B5-ECDDF9017EFD}.Debug|Any CPU.Build.0 = Debug|Any CPU
		{697C5EFC-0EDA-4F2C-97B5-ECDDF9017EFD}.Release|Any CPU.ActiveCfg = Release|Any CPU
		{697C5EFC-0EDA-4F2C-97B5-ECDDF9017EFD}.Release|Any CPU.Build.0 = Release|Any CPU
		{D79A9881-0705-4DF0-8318-DCE922EB773C}.Debug|Any CPU.ActiveCfg = Debug|Any CPU
		{D79A9881-0705-4DF0-8318-DCE922EB773C}.Debug|Any CPU.Build.0 = Debug|Any CPU
		{D79A9881-0705-4DF0-8318-DCE922EB773C}.Release|Any CPU.ActiveCfg = Release|Any CPU
		{D79A9881-0705-4DF0-8318-DCE922EB773C}.Release|Any CPU.Build.0 = Release|Any CPU
		{2CA59F08-6E19-43C9-B121-E54D6849C58F}.Debug|Any CPU.ActiveCfg = Debug|Any CPU
		{2CA59F08-6E19-43C9-B121-E54D6849C58F}.Debug|Any CPU.Build.0 = Debug|Any CPU
		{2CA59F08-6E19-43C9-B121-E54D6849C58F}.Release|Any CPU.ActiveCfg = Release|Any CPU
		{2CA59F08-6E19-43C9-B121-E54D6849C58F}.Release|Any CPU.Build.0 = Release|Any CPU
		{F9E50B2E-84A9-4FFB-B442-AFF131CE9DAE}.Debug|Any CPU.ActiveCfg = Debug|Any CPU
		{F9E50B2E-84A9-4FFB-B442-AFF131CE9DAE}.Debug|Any CPU.Build.0 = Debug|Any CPU
		{F9E50B2E-84A9-4FFB-B442-AFF131CE9DAE}.Release|Any CPU.ActiveCfg = Release|Any CPU
		{F9E50B2E-84A9-4FFB-B442-AFF131CE9DAE}.Release|Any CPU.Build.0 = Release|Any CPU
		{DE680163-7FBC-4B5E-B168-CEFD72395C7F}.Debug|Any CPU.ActiveCfg = Debug|Any CPU
		{DE680163-7FBC-4B5E-B168-CEFD72395C7F}.Debug|Any CPU.Build.0 = Debug|Any CPU
		{DE680163-7FBC-4B5E-B168-CEFD72395C7F}.Release|Any CPU.ActiveCfg = Release|Any CPU
		{DE680163-7FBC-4B5E-B168-CEFD72395C7F}.Release|Any CPU.Build.0 = Release|Any CPU
		{34823967-CB80-41FD-B60E-D6C40A6E68D8}.Debug|Any CPU.ActiveCfg = Debug|Any CPU
		{34823967-CB80-41FD-B60E-D6C40A6E68D8}.Debug|Any CPU.Build.0 = Debug|Any CPU
		{34823967-CB80-41FD-B60E-D6C40A6E68D8}.Release|Any CPU.ActiveCfg = Release|Any CPU
		{34823967-CB80-41FD-B60E-D6C40A6E68D8}.Release|Any CPU.Build.0 = Release|Any CPU
	EndGlobalSection
	GlobalSection(NestedProjects) = preSolution
		{18A99A6E-41E8-40EC-BA81-CB9A31235EE9} = {85362EEE-759B-40BE-B92F-A183F7E30E53}
		{7B7096E3-B554-4FD6-9D45-B21B81AE2ABE} = {85362EEE-759B-40BE-B92F-A183F7E30E53}
		{C6996C3A-7783-44DC-BC23-8FFD20ED0E3B} = {85362EEE-759B-40BE-B92F-A183F7E30E53}
		{67938BF6-37CD-4B35-9070-E535E0C6399D} = {85362EEE-759B-40BE-B92F-A183F7E30E53}
		{177E8415-4102-48D0-9FA3-7890A3E00936} = {85362EEE-759B-40BE-B92F-A183F7E30E53}
		{47BF2269-9C54-4221-A29D-F925EC9512E6} = {85362EEE-759B-40BE-B92F-A183F7E30E53}
		{9DE89EA0-0C2A-4CB1-A466-95559B25E9DD} = {85362EEE-759B-40BE-B92F-A183F7E30E53}
		{23921CF6-A60A-489B-9A0F-C9DEEE626FAC} = {4920EBE8-BE23-403B-B785-0CEF1DFDD5F6}
		{80B0C8D7-265D-476A-8C16-28DF9D5C6A7F} = {4920EBE8-BE23-403B-B785-0CEF1DFDD5F6}
		{B9131DB2-520C-4CE0-A434-EBC2A4D5B7A9} = {CBDA6B45-0D23-4BFE-8EA3-1FD70541D77C}
		{7DFF54D9-1DE3-4199-82E8-30F05B66F06F} = {B9131DB2-520C-4CE0-A434-EBC2A4D5B7A9}
		{9793F63B-6F3F-4440-9B4E-41135F60080B} = {7DFF54D9-1DE3-4199-82E8-30F05B66F06F}
		{845228B2-94FE-4EE8-A67A-67DD447F746E} = {9793F63B-6F3F-4440-9B4E-41135F60080B}
		{AAD51786-C50D-408B-928B-635DF4CAD5B6} = {9793F63B-6F3F-4440-9B4E-41135F60080B}
		{562EE4C6-6626-41D8-895A-4C9BD24984B5} = {7DFF54D9-1DE3-4199-82E8-30F05B66F06F}
		{697C5EFC-0EDA-4F2C-97B5-ECDDF9017EFD} = {562EE4C6-6626-41D8-895A-4C9BD24984B5}
		{D79A9881-0705-4DF0-8318-DCE922EB773C} = {562EE4C6-6626-41D8-895A-4C9BD24984B5}
		{4B042737-3004-4E12-8098-C44C516B451D} = {7DFF54D9-1DE3-4199-82E8-30F05B66F06F}
		{A6974755-965A-4530-B951-1907A5322367} = {4B042737-3004-4E12-8098-C44C516B451D}
		{2CA59F08-6E19-43C9-B121-E54D6849C58F} = {A6974755-965A-4530-B951-1907A5322367}
		{F9E50B2E-84A9-4FFB-B442-AFF131CE9DAE} = {A6974755-965A-4530-B951-1907A5322367}
		{DE6E1B40-7989-4B94-8361-EA3E2646C265} = {4B042737-3004-4E12-8098-C44C516B451D}
		{DE680163-7FBC-4B5E-B168-CEFD72395C7F} = {DE6E1B40-7989-4B94-8361-EA3E2646C265}
		{34823967-CB80-41FD-B60E-D6C40A6E68D8} = {DE6E1B40-7989-4B94-8361-EA3E2646C265}
	EndGlobalSection
EndGlobal
