
Microsoft Visual Studio Solution File, Format Version 12.00
# Visual Studio Version 17
VisualStudioVersion = 17.0.31903.59
MinimumVisualStudioVersion = 10.0.40219.1
Project("{2150E333-8FDC-42A3-9474-1A3956D46DE8}") = "Src", "Src", "{150630EE-4835-4513-83FA-9EA7355B7299}"
EndProject
Project("{FAE04EC0-301F-11D3-BF4B-00C04F79EFBC}") = "CleanDdd.Application", "Src\CleanDdd.Application\CleanDdd.Application.csproj", "{51A98A4B-2FEF-4928-8E23-E02F19D48507}"
EndProject
Project("{FAE04EC0-301F-11D3-BF4B-00C04F79EFBC}") = "CleanDdd.Domain", "Src\CleanDdd.Domain\CleanDdd.Domain.csproj", "{CBEA3172-7CEC-4387-A63B-ECFF6F2B7E6A}"
EndProject
Project("{2150E333-8FDC-42A3-9474-1A3956D46DE8}") = "Tests", "Tests", "{815C5421-0720-414C-A0AA-D53F39B65DF0}"
EndProject
Project("{FAE04EC0-301F-11D3-BF4B-00C04F79EFBC}") = "CleanDdd.Test.Integration", "Tests\CleanDdd.Test.Integration\CleanDdd.Test.Integration.csproj", "{497DC55A-3CB3-4B27-81DF-9C718FEDB46F}"
EndProject
Project("{FAE04EC0-301F-11D3-BF4B-00C04F79EFBC}") = "CleanDdd.Tests.Unit", "Tests\CleanDdd.Tests.Unit\CleanDdd.Tests.Unit.csproj", "{8B80A740-5FE2-4268-A156-1808E52218AB}"
EndProject
Global
	GlobalSection(SolutionConfigurationPlatforms) = preSolution
		Debug|Any CPU = Debug|Any CPU
		Release|Any CPU = Release|Any CPU
	EndGlobalSection
	GlobalSection(SolutionProperties) = preSolution
		HideSolutionNode = FALSE
	EndGlobalSection
	GlobalSection(ProjectConfigurationPlatforms) = postSolution
		{51A98A4B-2FEF-4928-8E23-E02F19D48507}.Debug|Any CPU.ActiveCfg = Debug|Any CPU
		{51A98A4B-2FEF-4928-8E23-E02F19D48507}.Debug|Any CPU.Build.0 = Debug|Any CPU
		{51A98A4B-2FEF-4928-8E23-E02F19D48507}.Release|Any CPU.ActiveCfg = Release|Any CPU
		{51A98A4B-2FEF-4928-8E23-E02F19D48507}.Release|Any CPU.Build.0 = Release|Any CPU
		{CBEA3172-7CEC-4387-A63B-ECFF6F2B7E6A}.Debug|Any CPU.ActiveCfg = Debug|Any CPU
		{CBEA3172-7CEC-4387-A63B-ECFF6F2B7E6A}.Debug|Any CPU.Build.0 = Debug|Any CPU
		{CBEA3172-7CEC-4387-A63B-ECFF6F2B7E6A}.Release|Any CPU.ActiveCfg = Release|Any CPU
		{CBEA3172-7CEC-4387-A63B-ECFF6F2B7E6A}.Release|Any CPU.Build.0 = Release|Any CPU
		{497DC55A-3CB3-4B27-81DF-9C718FEDB46F}.Debug|Any CPU.ActiveCfg = Debug|Any CPU
		{497DC55A-3CB3-4B27-81DF-9C718FEDB46F}.Debug|Any CPU.Build.0 = Debug|Any CPU
		{497DC55A-3CB3-4B27-81DF-9C718FEDB46F}.Release|Any CPU.ActiveCfg = Release|Any CPU
		{497DC55A-3CB3-4B27-81DF-9C718FEDB46F}.Release|Any CPU.Build.0 = Release|Any CPU
		{8B80A740-5FE2-4268-A156-1808E52218AB}.Debug|Any CPU.ActiveCfg = Debug|Any CPU
		{8B80A740-5FE2-4268-A156-1808E52218AB}.Debug|Any CPU.Build.0 = Debug|Any CPU
		{8B80A740-5FE2-4268-A156-1808E52218AB}.Release|Any CPU.ActiveCfg = Release|Any CPU
		{8B80A740-5FE2-4268-A156-1808E52218AB}.Release|Any CPU.Build.0 = Release|Any CPU
	EndGlobalSection
	GlobalSection(NestedProjects) = preSolution
		{51A98A4B-2FEF-4928-8E23-E02F19D48507} = {150630EE-4835-4513-83FA-9EA7355B7299}
		{CBEA3172-7CEC-4387-A63B-ECFF6F2B7E6A} = {150630EE-4835-4513-83FA-9EA7355B7299}
		{497DC55A-3CB3-4B27-81DF-9C718FEDB46F} = {815C5421-0720-414C-A0AA-D53F39B65DF0}
		{8B80A740-5FE2-4268-A156-1808E52218AB} = {815C5421-0720-414C-A0AA-D53F39B65DF0}
	EndGlobalSection
EndGlobal
